
Microsoft Visual Studio Solution File, Format Version 12.00
# Visual Studio Version 17
VisualStudioVersion = 17.14.36705.20 d17.14
MinimumVisualStudioVersion = 10.0.40219.1
Project("{888888A0-9F3D-457C-B088-3A5042F75D52}") = "M3 RunTimeAlgo AuM", "M3 RunTimeAlgo AuM.pyproj", "{ECD9674E-EBEE-4729-9197-754A78DB41B3}"
EndProject
Global
	GlobalSection(SolutionConfigurationPlatforms) = preSolution
		Debug|Any CPU = Debug|Any CPU
		Release|Any CPU = Release|Any CPU
	EndGlobalSection
	GlobalSection(ProjectConfigurationPlatforms) = postSolution
		{ECD9674E-EBEE-4729-9197-754A78DB41B3}.Debug|Any CPU.ActiveCfg = Debug|Any CPU
		{ECD9674E-EBEE-4729-9197-754A78DB41B3}.Release|Any CPU.ActiveCfg = Release|Any CPU
	EndGlobalSection
	GlobalSection(SolutionProperties) = preSolution
		HideSolutionNode = FALSE
	EndGlobalSection
	GlobalSection(ExtensibilityGlobals) = postSolution
		SolutionGuid = {B23D0105-D77B-44FB-81D0-F883D617905F}
	EndGlobalSection
EndGlobal
